
Microsoft Visual Studio Solution File, Format Version 12.00
# Visual Studio 2013
VisualStudioVersion = 12.0.40629.0
MinimumVisualStudioVersion = 10.0.40219.1
Project("{FAE04EC0-301F-11D3-BF4B-00C04F79EFBC}") = "DatePickerDemo", "DatePickerDemo\DatePickerDemo.csproj", "{9CA4CD73-A14F-47D6-8B85-3840925EC4C4}"
EndProject
Project("{FAE04EC0-301F-11D3-BF4B-00C04F79EFBC}") = "vhCalendar", "vhCalendar\vhCalendar\vhCalendar.csproj", "{F82264B8-4CAD-44A6-91BE-2979D1E6D0E2}"
EndProject
Global
	GlobalSection(SolutionConfigurationPlatforms) = preSolution
		Debug|Any CPU = Debug|Any CPU
		Release|Any CPU = Release|Any CPU
	EndGlobalSection
	GlobalSection(ProjectConfigurationPlatforms) = postSolution
		{9CA4CD73-A14F-47D6-8B85-3840925EC4C4}.Debug|Any CPU.ActiveCfg = Debug|Any CPU
		{9CA4CD73-A14F-47D6-8B85-3840925EC4C4}.Debug|Any CPU.Build.0 = Debug|Any CPU
		{9CA4CD73-A14F-47D6-8B85-3840925EC4C4}.Release|Any CPU.ActiveCfg = Release|Any CPU
		{9CA4CD73-A14F-47D6-8B85-3840925EC4C4}.Release|Any CPU.Build.0 = Release|Any CPU
		{F82264B8-4CAD-44A6-91BE-2979D1E6D0E2}.Debug|Any CPU.ActiveCfg = Debug|Any CPU
		{F82264B8-4CAD-44A6-91BE-2979D1E6D0E2}.Debug|Any CPU.Build.0 = Debug|Any CPU
		{F82264B8-4CAD-44A6-91BE-2979D1E6D0E2}.Release|Any CPU.ActiveCfg = Release|Any CPU
		{F82264B8-4CAD-44A6-91BE-2979D1E6D0E2}.Release|Any CPU.Build.0 = Release|Any CPU
	EndGlobalSection
	GlobalSection(SolutionProperties) = preSolution
		HideSolutionNode = FALSE
	EndGlobalSection
EndGlobal
